
Microsoft Visual Studio Solution File, Format Version 12.00
# Visual Studio Version 17
VisualStudioVersion = 17.6.33829.357
MinimumVisualStudioVersion = 10.0.40219.1
Project("{FAE04EC0-301F-11D3-BF4B-00C04F79EFBC}") = "FeedbackApp", "FeedbackApp.csproj", "{D3AEB16A-55E3-401F-B63B-2C2DEFD65676}"
EndProject
Global
	GlobalSection(SolutionConfigurationPlatforms) = preSolution
		Debug|Any CPU = Debug|Any CPU
		Release|Any CPU = Release|Any CPU
	EndGlobalSection
	GlobalSection(ProjectConfigurationPlatforms) = postSolution
		{D3AEB16A-55E3-401F-B63B-2C2DEFD65676}.Debug|Any CPU.ActiveCfg = Debug|Any CPU
		{D3AEB16A-55E3-401F-B63B-2C2DEFD65676}.Debug|Any CPU.Build.0 = Debug|Any CPU
		{D3AEB16A-55E3-401F-B63B-2C2DEFD65676}.Release|Any CPU.ActiveCfg = Release|Any CPU
		{D3AEB16A-55E3-401F-B63B-2C2DEFD65676}.Release|Any CPU.Build.0 = Release|Any CPU
	EndGlobalSection
	GlobalSection(SolutionProperties) = preSolution
		HideSolutionNode = FALSE
	EndGlobalSection
	GlobalSection(ExtensibilityGlobals) = postSolution
		SolutionGuid = {0FC928B7-C22E-4984-A608-C77567106495}
	EndGlobalSection
EndGlobal
